
Microsoft Visual Studio Solution File, Format Version 12.00
# Visual Studio Version 17
VisualStudioVersion = 17.3.32929.385
MinimumVisualStudioVersion = 10.0.40219.1
Project("{FAE04EC0-301F-11D3-BF4B-00C04F79EFBC}") = "WatchMe", "WatchMe.csproj", "{DC60908C-500F-47C8-ADF7-8CF88DA73A94}"
EndProject
Global
	GlobalSection(SolutionConfigurationPlatforms) = preSolution
		Debug|Any CPU = Debug|Any CPU
		Release|Any CPU = Release|Any CPU
	EndGlobalSection
	GlobalSection(ProjectConfigurationPlatforms) = postSolution
		{DC60908C-500F-47C8-ADF7-8CF88DA73A94}.Debug|Any CPU.ActiveCfg = Debug|Any CPU
		{DC60908C-500F-47C8-ADF7-8CF88DA73A94}.Debug|Any CPU.Build.0 = Debug|Any CPU
		{DC60908C-500F-47C8-ADF7-8CF88DA73A94}.Release|Any CPU.ActiveCfg = Release|Any CPU
		{DC60908C-500F-47C8-ADF7-8CF88DA73A94}.Release|Any CPU.Build.0 = Release|Any CPU
	EndGlobalSection
	GlobalSection(SolutionProperties) = preSolution
		HideSolutionNode = FALSE
	EndGlobalSection
	GlobalSection(ExtensibilityGlobals) = postSolution
		SolutionGuid = {2BB60D35-30E7-4BB3-A07D-16C68A4A7A1C}
	EndGlobalSection
EndGlobal
